
Microsoft Visual Studio Solution File, Format Version 12.00
# Visual Studio Version 16
VisualStudioVersion = 16.0.29911.84
MinimumVisualStudioVersion = 15.0.26124.0
Project("{9A19103F-16F7-4668-BE54-9A1E7A4F7556}") = "RestWithASPNETUdemy", "RestWithASPNETUdemy\RestWithASPNETUdemy.csproj", "{9B5EFB22-7185-4741-8179-561EEFF3B7A9}"
EndProject
Project("{E53339B2-1760-4266-BCC7-CA923CBCF16C}") = "docker-compose", "docker-compose.dcproj", "{1BE7BEF5-99FD-4A89-B692-D4076A935127}"
EndProject
Global
	GlobalSection(SolutionConfigurationPlatforms) = preSolution
		Debug|Any CPU = Debug|Any CPU
		Debug|x64 = Debug|x64
		Debug|x86 = Debug|x86
		Release|Any CPU = Release|Any CPU
		Release|x64 = Release|x64
		Release|x86 = Release|x86
	EndGlobalSection
	GlobalSection(ProjectConfigurationPlatforms) = postSolution
		{9B5EFB22-7185-4741-8179-561EEFF3B7A9}.Debug|Any CPU.ActiveCfg = Debug|Any CPU
		{9B5EFB22-7185-4741-8179-561EEFF3B7A9}.Debug|Any CPU.Build.0 = Debug|Any CPU
		{9B5EFB22-7185-4741-8179-561EEFF3B7A9}.Debug|x64.ActiveCfg = Debug|Any CPU
		{9B5EFB22-7185-4741-8179-561EEFF3B7A9}.Debug|x64.Build.0 = Debug|Any CPU
		{9B5EFB22-7185-4741-8179-561EEFF3B7A9}.Debug|x86.ActiveCfg = Debug|Any CPU
		{9B5EFB22-7185-4741-8179-561EEFF3B7A9}.Debug|x86.Build.0 = Debug|Any CPU
		{9B5EFB22-7185-4741-8179-561EEFF3B7A9}.Release|Any CPU.ActiveCfg = Release|Any CPU
		{9B5EFB22-7185-4741-8179-561EEFF3B7A9}.Release|Any CPU.Build.0 = Release|Any CPU
		{9B5EFB22-7185-4741-8179-561EEFF3B7A9}.Release|x64.ActiveCfg = Release|Any CPU
		{9B5EFB22-7185-4741-8179-561EEFF3B7A9}.Release|x64.Build.0 = Release|Any CPU
		{9B5EFB22-7185-4741-8179-561EEFF3B7A9}.Release|x86.ActiveCfg = Release|Any CPU
		{9B5EFB22-7185-4741-8179-561EEFF3B7A9}.Release|x86.Build.0 = Release|Any CPU
		{1BE7BEF5-99FD-4A89-B692-D4076A935127}.Debug|Any CPU.ActiveCfg = Debug|Any CPU
		{1BE7BEF5-99FD-4A89-B692-D4076A935127}.Debug|Any CPU.Build.0 = Debug|Any CPU
		{1BE7BEF5-99FD-4A89-B692-D4076A935127}.Debug|x64.ActiveCfg = Debug|Any CPU
		{1BE7BEF5-99FD-4A89-B692-D4076A935127}.Debug|x64.Build.0 = Debug|Any CPU
		{1BE7BEF5-99FD-4A89-B692-D4076A935127}.Debug|x86.ActiveCfg = Debug|Any CPU
		{1BE7BEF5-99FD-4A89-B692-D4076A935127}.Debug|x86.Build.0 = Debug|Any CPU
		{1BE7BEF5-99FD-4A89-B692-D4076A935127}.Release|Any CPU.ActiveCfg = Release|Any CPU
		{1BE7BEF5-99FD-4A89-B692-D4076A935127}.Release|Any CPU.Build.0 = Release|Any CPU
		{1BE7BEF5-99FD-4A89-B692-D4076A935127}.Release|x64.ActiveCfg = Release|Any CPU
		{1BE7BEF5-99FD-4A89-B692-D4076A935127}.Release|x64.Build.0 = Release|Any CPU
		{1BE7BEF5-99FD-4A89-B692-D4076A935127}.Release|x86.ActiveCfg = Release|Any CPU
		{1BE7BEF5-99FD-4A89-B692-D4076A935127}.Release|x86.Build.0 = Release|Any CPU
	EndGlobalSection
	GlobalSection(SolutionProperties) = preSolution
		HideSolutionNode = FALSE
	EndGlobalSection
	GlobalSection(ExtensibilityGlobals) = postSolution
		SolutionGuid = {3968BCA8-09F9-4373-80F9-4C61186C435E}
	EndGlobalSection
EndGlobal
